
Microsoft Visual Studio Solution File, Format Version 12.00
# Visual Studio Version 17
VisualStudioVersion = 17.2.32616.157
MinimumVisualStudioVersion = 10.0.40219.1
Project("{FAE04EC0-301F-11D3-BF4B-00C04F79EFBC}") = "Proje2-SecimIstatistik", "Proje2-SecimIstatistik\Proje2-SecimIstatistik.csproj", "{33420A5B-3E05-461C-9A88-01E81E6D5A8A}"
EndProject
Global
	GlobalSection(SolutionConfigurationPlatforms) = preSolution
		Debug|Any CPU = Debug|Any CPU
		Release|Any CPU = Release|Any CPU
	EndGlobalSection
	GlobalSection(ProjectConfigurationPlatforms) = postSolution
		{33420A5B-3E05-461C-9A88-01E81E6D5A8A}.Debug|Any CPU.ActiveCfg = Debug|Any CPU
		{33420A5B-3E05-461C-9A88-01E81E6D5A8A}.Debug|Any CPU.Build.0 = Debug|Any CPU
		{33420A5B-3E05-461C-9A88-01E81E6D5A8A}.Release|Any CPU.ActiveCfg = Release|Any CPU
		{33420A5B-3E05-461C-9A88-01E81E6D5A8A}.Release|Any CPU.Build.0 = Release|Any CPU
	EndGlobalSection
	GlobalSection(SolutionProperties) = preSolution
		HideSolutionNode = FALSE
	EndGlobalSection
	GlobalSection(ExtensibilityGlobals) = postSolution
		SolutionGuid = {2052A08A-EB8E-4EB4-BC5E-B6708B53B1CF}
	EndGlobalSection
EndGlobal
