
Microsoft Visual Studio Solution File, Format Version 12.00
# Visual Studio Version 17
VisualStudioVersion = 17.2.32616.157
MinimumVisualStudioVersion = 10.0.40219.1
Project("{FAE04EC0-301F-11D3-BF4B-00C04F79EFBC}") = "PetrolStok", "PetrolStok\PetrolStok.csproj", "{E2E43E9A-DF3C-4ED6-A3DB-1D284C8ED745}"
EndProject
Global
	GlobalSection(SolutionConfigurationPlatforms) = preSolution
		Debug|Any CPU = Debug|Any CPU
		Release|Any CPU = Release|Any CPU
	EndGlobalSection
	GlobalSection(ProjectConfigurationPlatforms) = postSolution
		{E2E43E9A-DF3C-4ED6-A3DB-1D284C8ED745}.Debug|Any CPU.ActiveCfg = Debug|Any CPU
		{E2E43E9A-DF3C-4ED6-A3DB-1D284C8ED745}.Debug|Any CPU.Build.0 = Debug|Any CPU
		{E2E43E9A-DF3C-4ED6-A3DB-1D284C8ED745}.Release|Any CPU.ActiveCfg = Release|Any CPU
		{E2E43E9A-DF3C-4ED6-A3DB-1D284C8ED745}.Release|Any CPU.Build.0 = Release|Any CPU
	EndGlobalSection
	GlobalSection(SolutionProperties) = preSolution
		HideSolutionNode = FALSE
	EndGlobalSection
	GlobalSection(ExtensibilityGlobals) = postSolution
		SolutionGuid = {FB5C8B5E-D3BE-4453-B254-A6841DF07C65}
	EndGlobalSection
EndGlobal
